{
  "version": 4,
  "terraform_version": "1.11.4",
  "serial": 24,
  "lineage": "dfbf55dd-cb12-3679-3d82-f0824598a75c",
  "outputs": {
    "kubeconfig": {
      "value": [
        {
          "cluster_ca_certificate": "LS0tLS1CRUdJTiBDRVJUSUZJQ0FURS0tLS0tCk1JSUM1ekNDQWMrZ0F3SUJBZ0lCQURBTkJna3Foa2lHOXcwQkFRc0ZBREFWTVJNd0VRWURWUVFERXdwcmRXSmwKY201bGRHVnpNQjRYRFRJMU1EVXhNREE1TURZd05sb1hEVE0xTURVeE1EQTVNRFl3Tmxvd0ZURVRNQkVHQTFVRQpBeE1LYTNWaVpYSnVaWFJsY3pDQ0FTSXdEUVlKS29aSWh2Y05BUUVCQlFBRGdnRVBBRENDQVFvQ2dnRUJBTnM0CnhxcjhFSmJ2OElvaHJGUVFucjhXYnJkVWtKRDdMcDVvcUY5NWhFVmVTTWZsRkJwUDU2dE0xdnNaMHJyWU9oZ3QKSVZBOFdXa0t3bHg0a0JpR3ZWeit3SEV4d2EvREpibWd5VkkwQmZvMGJIVWhHQ2hGTTlYOGU5djZqTnJmMzRvRAp1T21YS29oRzA5ODRJZUdlc3A5ZUR0RDJJcnl0SWpjSkVjdnVpTTZpRnB4MG8xZmVFdzJjaVl1dG9FZmNhSUJRClBPVTZVdmhNd21PU0FzZVBRcUJXdWV4ZlpNUkJtOCt3OWdCUzk5azdSQU9CQ2JPZ0NESzlDUlkzbDJPbTdQQVEKcVhpUDBvd0lSTGVxbnVSd3I0U3hHcXZ6aHBhaWx1VmNrTE5LNDhrTG40ZitlTXdkdE85enY3T2xTRyswK2RwMAp4V2V5aHdKWVc4NEZ1blZwMFlzQ0F3RUFBYU5DTUVBd0RnWURWUjBQQVFIL0JBUURBZ0trTUE4R0ExVWRFd0VCCi93UUZNQU1CQWY4d0hRWURWUjBPQkJZRUZIOUw0R2l0eXFRR0dpckI2ajlFZW9iWXhscUJNQTBHQ1NxR1NJYjMKRFFFQkN3VUFBNElCQVFDalFab2JyOW5DN0pPaXE0RTRSeWZMK2dPbEZzVms3TWRjZjRIM2E2dFEvaU1oNjI1eApQVkFlZzRpZmJzSGJ2dEFPNkZZVFVUUHNoR0FPTnRUTSsxQmtmR3JXSzRuRGl4Rm5qSUlrZzB2SFVMWXNuOGFGCk5za1E1aSs0OWwxTVdlQkQzbktxQnFkR0VGRGFZQ1M2N0JFMVBiV01mbGdianFzTDBQdWZVUmc1c2N4TXRyUncKWWtlZi9nK3hyT0RsT3lPWFVVZXpwM3BLemZBdTJZOTJMSnNLekkwTU1NSFlqZGsrbTZlMWhFMkU0TFhnTmw5Rgp5eEpUa2pvL2RoZzhJdDlCWE11VXFkNE9YUXRZVjRXQlh6RXcrUTIyTnYxaDllcGVCaDg0d0FGd2dsKzhWRFhkCmh0enozL2hncVJWSXJEWVBRWldiYjdRV1ByTkViM3ovYnczcgotLS0tLUVORCBDRVJUSUZJQ0FURS0tLS0tCg==",
          "config_file": "apiVersion: v1\nclusters:\n- name: \"vibe-cluster\"\n  cluster:\n    certificate-authority-data: LS0tLS1CRUdJTiBDRVJUSUZJQ0FURS0tLS0tCk1JSUM1ekNDQWMrZ0F3SUJBZ0lCQURBTkJna3Foa2lHOXcwQkFRc0ZBREFWTVJNd0VRWURWUVFERXdwcmRXSmwKY201bGRHVnpNQjRYRFRJMU1EVXhNREE1TURZd05sb1hEVE0xTURVeE1EQTVNRFl3Tmxvd0ZURVRNQkVHQTFVRQpBeE1LYTNWaVpYSnVaWFJsY3pDQ0FTSXdEUVlKS29aSWh2Y05BUUVCQlFBRGdnRVBBRENDQVFvQ2dnRUJBTnM0CnhxcjhFSmJ2OElvaHJGUVFucjhXYnJkVWtKRDdMcDVvcUY5NWhFVmVTTWZsRkJwUDU2dE0xdnNaMHJyWU9oZ3QKSVZBOFdXa0t3bHg0a0JpR3ZWeit3SEV4d2EvREpibWd5VkkwQmZvMGJIVWhHQ2hGTTlYOGU5djZqTnJmMzRvRAp1T21YS29oRzA5ODRJZUdlc3A5ZUR0RDJJcnl0SWpjSkVjdnVpTTZpRnB4MG8xZmVFdzJjaVl1dG9FZmNhSUJRClBPVTZVdmhNd21PU0FzZVBRcUJXdWV4ZlpNUkJtOCt3OWdCUzk5azdSQU9CQ2JPZ0NESzlDUlkzbDJPbTdQQVEKcVhpUDBvd0lSTGVxbnVSd3I0U3hHcXZ6aHBhaWx1VmNrTE5LNDhrTG40ZitlTXdkdE85enY3T2xTRyswK2RwMAp4V2V5aHdKWVc4NEZ1blZwMFlzQ0F3RUFBYU5DTUVBd0RnWURWUjBQQVFIL0JBUURBZ0trTUE4R0ExVWRFd0VCCi93UUZNQU1CQWY4d0hRWURWUjBPQkJZRUZIOUw0R2l0eXFRR0dpckI2ajlFZW9iWXhscUJNQTBHQ1NxR1NJYjMKRFFFQkN3VUFBNElCQVFDalFab2JyOW5DN0pPaXE0RTRSeWZMK2dPbEZzVms3TWRjZjRIM2E2dFEvaU1oNjI1eApQVkFlZzRpZmJzSGJ2dEFPNkZZVFVUUHNoR0FPTnRUTSsxQmtmR3JXSzRuRGl4Rm5qSUlrZzB2SFVMWXNuOGFGCk5za1E1aSs0OWwxTVdlQkQzbktxQnFkR0VGRGFZQ1M2N0JFMVBiV01mbGdianFzTDBQdWZVUmc1c2N4TXRyUncKWWtlZi9nK3hyT0RsT3lPWFVVZXpwM3BLemZBdTJZOTJMSnNLekkwTU1NSFlqZGsrbTZlMWhFMkU0TFhnTmw5Rgp5eEpUa2pvL2RoZzhJdDlCWE11VXFkNE9YUXRZVjRXQlh6RXcrUTIyTnYxaDllcGVCaDg0d0FGd2dsKzhWRFhkCmh0enozL2hncVJWSXJEWVBRWldiYjdRV1ByTkViM3ovYnczcgotLS0tLUVORCBDRVJUSUZJQ0FURS0tLS0tCg==\n    server: https://2323b9ee-a93f-41c1-aec7-82ca1aae7bbc.api.k8s.fr-par.scw.cloud:6443\ncontexts:\n- name: admin@vibe-cluster\n  context:\n    cluster: \"vibe-cluster\"\n    user: vibe-cluster-admin\ncurrent-context: admin@vibe-cluster\nkind: Config\npreferences: {}\nusers:\n- name: vibe-cluster-admin\n  user:\n    token: DtkCMPQNt0S9CUIINsmGhH5brk7huHgCWoK3eWfe75F56f3Grt0yrAZ9",
          "host": "https://2323b9ee-a93f-41c1-aec7-82ca1aae7bbc.api.k8s.fr-par.scw.cloud:6443",
          "token": "DtkCMPQNt0S9CUIINsmGhH5brk7huHgCWoK3eWfe75F56f3Grt0yrAZ9"
        }
      ],
      "type": [
        "list",
        [
          "object",
          {
            "cluster_ca_certificate": "string",
            "config_file": "string",
            "host": "string",
            "token": "string"
          }
        ]
      ],
      "sensitive": true
    }
  },
  "resources": [
    {
      "mode": "data",
      "type": "kubectl_file_documents",
      "name": "letsencrypt_clusterissuer_docs",
      "provider": "provider[\"registry.terraform.io/gavinbunney/kubectl\"]",
      "instances": [
        {
          "schema_version": 0,
          "attributes": {
            "content": "apiVersion: cert-manager.io/v1\r\nkind: ClusterIssuer\r\nmetadata:\r\n  name: letsencrypt-prod\r\nspec:\r\n  acme:\r\n    server: https://acme-v02.api.letsencrypt.org/directory\r\n    email: opacic@gmail.com\r\n    privateKeySecretRef:\r\n      name: letsencrypt-prod-private-key\r\n    solvers:\r\n    - http01:\r\n        ingress:\r\n          # The class field is deprecated in newer cert-manager versions with networking.k8s.io/v1 Ingress.\r\n          # ingressClassName is preferred.\r\n          # Ensure this matches the IngressClass created by your Nginx Ingress controller.\r\n          # If Nginx Ingress controller creates an IngressClass named 'nginx', use that.\r\n          ingressClassName: nginx\r\n",
            "documents": [
              "apiVersion: cert-manager.io/v1\r\nkind: ClusterIssuer\r\nmetadata:\r\n  name: letsencrypt-prod\r\nspec:\r\n  acme:\r\n    server: https://acme-v02.api.letsencrypt.org/directory\r\n    email: opacic@gmail.com\r\n    privateKeySecretRef:\r\n      name: letsencrypt-prod-private-key\r\n    solvers:\r\n    - http01:\r\n        ingress:\r\n          # The class field is deprecated in newer cert-manager versions with networking.k8s.io/v1 Ingress.\r\n          # ingressClassName is preferred.\r\n          # Ensure this matches the IngressClass created by your Nginx Ingress controller.\r\n          # If Nginx Ingress controller creates an IngressClass named 'nginx', use that.\r\n          ingressClassName: nginx"
            ],
            "id": "bad0943f8bcfbd711d20b7797d893efe4996ad50303a44750aedf6df9d8e72be",
            "manifests": {
              "/apis/cert-manager.io/v1/clusterissuers/letsencrypt-prod": "apiVersion: cert-manager.io/v1\nkind: ClusterIssuer\nmetadata:\n  name: letsencrypt-prod\nspec:\n  acme:\n    email: opacic@gmail.com\n    privateKeySecretRef:\n      name: letsencrypt-prod-private-key\n    server: https://acme-v02.api.letsencrypt.org/directory\n    solvers:\n    - http01:\n        ingress:\n          ingressClassName: nginx\n"
            }
          },
          "sensitive_attributes": []
        }
      ]
    },
    {
      "mode": "managed",
      "type": "helm_release",
      "name": "cert_manager",
      "provider": "provider[\"registry.terraform.io/hashicorp/helm\"]",
      "instances": [
        {
          "schema_version": 1,
          "attributes": {
            "atomic": false,
            "chart": "cert-manager",
            "cleanup_on_fail": false,
            "create_namespace": false,
            "dependency_update": false,
            "description": null,
            "devel": null,
            "disable_crd_hooks": false,
            "disable_openapi_validation": false,
            "disable_webhooks": false,
            "force_update": false,
            "id": "cert-manager",
            "keyring": null,
            "lint": false,
            "manifest": null,
            "max_history": 0,
            "metadata": [
              {
                "app_version": "v1.14.5",
                "chart": "cert-manager",
                "first_deployed": 1746990843,
                "last_deployed": 1746990843,
                "name": "cert-manager",
                "namespace": "cert-manager",
                "notes": "cert-manager v1.14.5 has been deployed successfully!\n\nIn order to begin issuing certificates, you will need to set up a ClusterIssuer\nor Issuer resource (for example, by creating a 'letsencrypt-staging' issuer).\n\nMore information on the different types of issuers and how to configure them\ncan be found in our documentation:\n\nhttps://cert-manager.io/docs/configuration/\n\nFor information on how to configure cert-manager to automatically provision\nCertificates for Ingress resources, take a look at the `ingress-shim`\ndocumentation:\n\nhttps://cert-manager.io/docs/usage/ingress/\n",
                "revision": 1,
                "values": "{\"installCRDs\":true,\"prometheus\":{\"enabled\":false}}",
                "version": "v1.14.5"
              }
            ],
            "name": "cert-manager",
            "namespace": "cert-manager",
            "pass_credentials": false,
            "postrender": [],
            "recreate_pods": false,
            "render_subchart_notes": true,
            "replace": false,
            "repository": "https://charts.jetstack.io",
            "repository_ca_file": null,
            "repository_cert_file": null,
            "repository_key_file": null,
            "repository_password": null,
            "repository_username": null,
            "reset_values": false,
            "reuse_values": false,
            "set": [
              {
                "name": "installCRDs",
                "type": "",
                "value": "true"
              },
              {
                "name": "prometheus.enabled",
                "type": "",
                "value": "false"
              }
            ],
            "set_list": [],
            "set_sensitive": [],
            "skip_crds": false,
            "status": "deployed",
            "timeout": 300,
            "upgrade_install": null,
            "values": null,
            "verify": false,
            "version": "v1.14.5",
            "wait": true,
            "wait_for_jobs": false
          },
          "sensitive_attributes": [
            [
              {
                "type": "get_attr",
                "value": "repository_password"
              }
            ]
          ],
          "private": "eyJzY2hlbWFfdmVyc2lvbiI6IjEifQ==",
          "dependencies": [
            "kubernetes_namespace.cert_manager_ns",
            "scaleway_k8s_cluster.vibe-cluster",
            "scaleway_k8s_pool.vibe-pool",
            "scaleway_vpc_private_network.vibe-pn"
          ]
        }
      ]
    },
    {
      "mode": "managed",
      "type": "helm_release",
      "name": "ingress_nginx",
      "provider": "provider[\"registry.terraform.io/hashicorp/helm\"]",
      "instances": [
        {
          "status": "tainted",
          "schema_version": 1,
          "attributes": {
            "atomic": false,
            "chart": "ingress-nginx",
            "cleanup_on_fail": false,
            "create_namespace": false,
            "dependency_update": false,
            "description": null,
            "devel": null,
            "disable_crd_hooks": false,
            "disable_openapi_validation": false,
            "disable_webhooks": false,
            "force_update": false,
            "id": "ingress-nginx",
            "keyring": null,
            "lint": false,
            "manifest": null,
            "max_history": 0,
            "metadata": [
              {
                "app_version": "1.10.0",
                "chart": "ingress-nginx",
                "first_deployed": 1746995074,
                "last_deployed": 1746995074,
                "name": "ingress-nginx",
                "namespace": "ingress-nginx",
                "notes": "The ingress-nginx controller has been installed.\nIt may take a few minutes for the load balancer IP to be available.\nYou can watch the status by running 'kubectl get service --namespace ingress-nginx ingress-nginx-controller --output wide --watch'\n\nAn example Ingress that makes use of the controller:\n  apiVersion: networking.k8s.io/v1\n  kind: Ingress\n  metadata:\n    name: example\n    namespace: foo\n  spec:\n    ingressClassName: nginx\n    rules:\n      - host: www.example.com\n        http:\n          paths:\n            - pathType: Prefix\n              backend:\n                service:\n                  name: exampleService\n                  port:\n                    number: 80\n              path: /\n    # This section is only required if TLS is to be enabled for the Ingress\n    tls:\n      - hosts:\n        - www.example.com\n        secretName: example-tls\n\nIf TLS is enabled for the Ingress, a Secret containing the certificate and key must also be provided:\n\n  apiVersion: v1\n  kind: Secret\n  metadata:\n    name: example-tls\n    namespace: foo\n  data:\n    tls.crt: \u003cbase64 encoded cert\u003e\n    tls.key: \u003cbase64 encoded key\u003e\n  type: kubernetes.io/tls\n",
                "revision": 1,
                "values": "{\"controller\":{\"service\":{\"annotations\":{\"service.beta.kubernetes.io/scw-loadbalancer-id\":\"\",\"service.beta.kubernetes.io/scw-loadbalancer-type\":\"lb-s\"}}}}",
                "version": "4.10.0"
              }
            ],
            "name": "ingress-nginx",
            "namespace": "ingress-nginx",
            "pass_credentials": false,
            "postrender": [],
            "recreate_pods": false,
            "render_subchart_notes": true,
            "replace": false,
            "repository": "https://kubernetes.github.io/ingress-nginx",
            "repository_ca_file": null,
            "repository_cert_file": null,
            "repository_key_file": null,
            "repository_password": null,
            "repository_username": null,
            "reset_values": false,
            "reuse_values": false,
            "set": [
              {
                "name": "controller.service.annotations.service\\.beta\\.kubernetes\\.io/scw-loadbalancer-id",
                "type": "string",
                "value": ""
              },
              {
                "name": "controller.service.annotations.service\\.beta\\.kubernetes\\.io/scw-loadbalancer-type",
                "type": "string",
                "value": "lb-s"
              }
            ],
            "set_list": [],
            "set_sensitive": [],
            "skip_crds": false,
            "status": "failed",
            "timeout": 600,
            "upgrade_install": null,
            "values": null,
            "verify": false,
            "version": "4.10.0",
            "wait": true,
            "wait_for_jobs": false
          },
          "sensitive_attributes": [
            [
              {
                "type": "get_attr",
                "value": "repository_password"
              }
            ]
          ],
          "private": "eyJzY2hlbWFfdmVyc2lvbiI6IjEifQ==",
          "dependencies": [
            "kubernetes_namespace.ingress_nginx_ns",
            "scaleway_k8s_cluster.vibe-cluster",
            "scaleway_k8s_pool.vibe-pool",
            "scaleway_vpc_private_network.vibe-pn"
          ]
        }
      ]
    },
    {
      "mode": "managed",
      "type": "kubectl_manifest",
      "name": "letsencrypt_clusterissuer",
      "provider": "provider[\"registry.terraform.io/gavinbunney/kubectl\"]",
      "instances": [
        {
          "index_key": "/apis/cert-manager.io/v1/clusterissuers/letsencrypt-prod",
          "schema_version": 1,
          "attributes": {
            "api_version": "cert-manager.io/v1",
            "apply_only": false,
            "force_conflicts": false,
            "force_new": false,
            "id": "/apis/cert-manager.io/v1/clusterissuers/letsencrypt-prod",
            "ignore_fields": null,
            "kind": "ClusterIssuer",
            "live_manifest_incluster": "6a08152b7f928494fa08a4c0ed0817647a0e0f0de5006d5183b82c3970b1162f",
            "live_uid": "bfde8545-8170-41f8-9da7-8c37d18eda2d",
            "name": "letsencrypt-prod",
            "namespace": null,
            "override_namespace": null,
            "sensitive_fields": null,
            "server_side_apply": false,
            "timeouts": null,
            "uid": "bfde8545-8170-41f8-9da7-8c37d18eda2d",
            "validate_schema": true,
            "wait": null,
            "wait_for_rollout": true,
            "yaml_body": "apiVersion: cert-manager.io/v1\nkind: ClusterIssuer\nmetadata:\n  name: letsencrypt-prod\nspec:\n  acme:\n    email: opacic@gmail.com\n    privateKeySecretRef:\n      name: letsencrypt-prod-private-key\n    server: https://acme-v02.api.letsencrypt.org/directory\n    solvers:\n    - http01:\n        ingress:\n          ingressClassName: nginx\n",
            "yaml_body_parsed": "apiVersion: cert-manager.io/v1\nkind: ClusterIssuer\nmetadata:\n  name: letsencrypt-prod\nspec:\n  acme:\n    email: opacic@gmail.com\n    privateKeySecretRef:\n      name: letsencrypt-prod-private-key\n    server: https://acme-v02.api.letsencrypt.org/directory\n    solvers:\n    - http01:\n        ingress:\n          ingressClassName: nginx\n",
            "yaml_incluster": "6a08152b7f928494fa08a4c0ed0817647a0e0f0de5006d5183b82c3970b1162f"
          },
          "sensitive_attributes": [
            [
              {
                "type": "get_attr",
                "value": "live_manifest_incluster"
              }
            ],
            [
              {
                "type": "get_attr",
                "value": "yaml_incluster"
              }
            ],
            [
              {
                "type": "get_attr",
                "value": "yaml_body"
              }
            ]
          ],
          "private": "eyJlMmJmYjczMC1lY2FhLTExZTYtOGY4OC0zNDM2M2JjN2M0YzAiOnsiY3JlYXRlIjo2MDAwMDAwMDAwMDB9LCJzY2hlbWFfdmVyc2lvbiI6IjEifQ==",
          "dependencies": [
            "data.kubectl_file_documents.letsencrypt_clusterissuer_docs",
            "helm_release.cert_manager",
            "kubernetes_namespace.cert_manager_ns",
            "scaleway_k8s_cluster.vibe-cluster",
            "scaleway_k8s_pool.vibe-pool",
            "scaleway_vpc_private_network.vibe-pn"
          ]
        }
      ]
    },
    {
      "mode": "managed",
      "type": "kubernetes_namespace",
      "name": "cert_manager_ns",
      "provider": "provider[\"registry.terraform.io/hashicorp/kubernetes\"]",
      "instances": [
        {
          "schema_version": 0,
          "attributes": {
            "id": "cert-manager",
            "metadata": [
              {
                "annotations": {},
                "generate_name": "",
                "generation": 0,
                "labels": {},
                "name": "cert-manager",
                "resource_version": "14805841633",
                "uid": "a760bb83-1c23-428e-b565-61c26ae170af"
              }
            ],
            "timeouts": null,
            "wait_for_default_service_account": false
          },
          "sensitive_attributes": [],
          "private": "eyJlMmJmYjczMC1lY2FhLTExZTYtOGY4OC0zNDM2M2JjN2M0YzAiOnsiZGVsZXRlIjozMDAwMDAwMDAwMDB9fQ==",
          "dependencies": [
            "scaleway_k8s_cluster.vibe-cluster",
            "scaleway_vpc_private_network.vibe-pn"
          ]
        }
      ]
    },
    {
      "mode": "managed",
      "type": "kubernetes_namespace",
      "name": "ingress_nginx_ns",
      "provider": "provider[\"registry.terraform.io/hashicorp/kubernetes\"]",
      "instances": [
        {
          "schema_version": 0,
          "attributes": {
            "id": "ingress-nginx",
            "metadata": [
              {
                "annotations": {},
                "generate_name": "",
                "generation": 0,
                "labels": {},
                "name": "ingress-nginx",
                "resource_version": "14805841611",
                "uid": "d31df110-9b0b-440a-8d78-846da3302119"
              }
            ],
            "timeouts": null,
            "wait_for_default_service_account": false
          },
          "sensitive_attributes": [],
          "private": "eyJlMmJmYjczMC1lY2FhLTExZTYtOGY4OC0zNDM2M2JjN2M0YzAiOnsiZGVsZXRlIjozMDAwMDAwMDAwMDB9fQ==",
          "dependencies": [
            "scaleway_k8s_cluster.vibe-cluster",
            "scaleway_vpc_private_network.vibe-pn"
          ]
        }
      ]
    },
    {
      "mode": "managed",
      "type": "scaleway_k8s_cluster",
      "name": "vibe-cluster",
      "provider": "provider[\"registry.terraform.io/scaleway/scaleway\"]",
      "instances": [
        {
          "schema_version": 0,
          "attributes": {
            "admission_plugins": [],
            "apiserver_cert_sans": [],
            "apiserver_url": "https://2323b9ee-a93f-41c1-aec7-82ca1aae7bbc.api.k8s.fr-par.scw.cloud:6443",
            "auto_upgrade": [
              {
                "enable": false,
                "maintenance_window_day": "any",
                "maintenance_window_start_hour": 0
              }
            ],
            "autoscaler_config": [
              {
                "balance_similar_node_groups": false,
                "disable_scale_down": false,
                "estimator": "binpacking",
                "expander": "random",
                "expendable_pods_priority_cutoff": 0,
                "ignore_daemonsets_utilization": false,
                "max_graceful_termination_sec": 0,
                "scale_down_delay_after_add": "10m",
                "scale_down_unneeded_time": "10m",
                "scale_down_utilization_threshold": 0.5
              }
            ],
            "cni": "cilium",
            "created_at": "2025-05-11T09:06:04Z",
            "delete_additional_resources": false,
            "description": "",
            "feature_gates": [],
            "id": "fr-par/2323b9ee-a93f-41c1-aec7-82ca1aae7bbc",
            "kubeconfig": [
              {
                "cluster_ca_certificate": "LS0tLS1CRUdJTiBDRVJUSUZJQ0FURS0tLS0tCk1JSUM1ekNDQWMrZ0F3SUJBZ0lCQURBTkJna3Foa2lHOXcwQkFRc0ZBREFWTVJNd0VRWURWUVFERXdwcmRXSmwKY201bGRHVnpNQjRYRFRJMU1EVXhNREE1TURZd05sb1hEVE0xTURVeE1EQTVNRFl3Tmxvd0ZURVRNQkVHQTFVRQpBeE1LYTNWaVpYSnVaWFJsY3pDQ0FTSXdEUVlKS29aSWh2Y05BUUVCQlFBRGdnRVBBRENDQVFvQ2dnRUJBTnM0CnhxcjhFSmJ2OElvaHJGUVFucjhXYnJkVWtKRDdMcDVvcUY5NWhFVmVTTWZsRkJwUDU2dE0xdnNaMHJyWU9oZ3QKSVZBOFdXa0t3bHg0a0JpR3ZWeit3SEV4d2EvREpibWd5VkkwQmZvMGJIVWhHQ2hGTTlYOGU5djZqTnJmMzRvRAp1T21YS29oRzA5ODRJZUdlc3A5ZUR0RDJJcnl0SWpjSkVjdnVpTTZpRnB4MG8xZmVFdzJjaVl1dG9FZmNhSUJRClBPVTZVdmhNd21PU0FzZVBRcUJXdWV4ZlpNUkJtOCt3OWdCUzk5azdSQU9CQ2JPZ0NESzlDUlkzbDJPbTdQQVEKcVhpUDBvd0lSTGVxbnVSd3I0U3hHcXZ6aHBhaWx1VmNrTE5LNDhrTG40ZitlTXdkdE85enY3T2xTRyswK2RwMAp4V2V5aHdKWVc4NEZ1blZwMFlzQ0F3RUFBYU5DTUVBd0RnWURWUjBQQVFIL0JBUURBZ0trTUE4R0ExVWRFd0VCCi93UUZNQU1CQWY4d0hRWURWUjBPQkJZRUZIOUw0R2l0eXFRR0dpckI2ajlFZW9iWXhscUJNQTBHQ1NxR1NJYjMKRFFFQkN3VUFBNElCQVFDalFab2JyOW5DN0pPaXE0RTRSeWZMK2dPbEZzVms3TWRjZjRIM2E2dFEvaU1oNjI1eApQVkFlZzRpZmJzSGJ2dEFPNkZZVFVUUHNoR0FPTnRUTSsxQmtmR3JXSzRuRGl4Rm5qSUlrZzB2SFVMWXNuOGFGCk5za1E1aSs0OWwxTVdlQkQzbktxQnFkR0VGRGFZQ1M2N0JFMVBiV01mbGdianFzTDBQdWZVUmc1c2N4TXRyUncKWWtlZi9nK3hyT0RsT3lPWFVVZXpwM3BLemZBdTJZOTJMSnNLekkwTU1NSFlqZGsrbTZlMWhFMkU0TFhnTmw5Rgp5eEpUa2pvL2RoZzhJdDlCWE11VXFkNE9YUXRZVjRXQlh6RXcrUTIyTnYxaDllcGVCaDg0d0FGd2dsKzhWRFhkCmh0enozL2hncVJWSXJEWVBRWldiYjdRV1ByTkViM3ovYnczcgotLS0tLUVORCBDRVJUSUZJQ0FURS0tLS0tCg==",
                "config_file": "apiVersion: v1\nclusters:\n- name: \"vibe-cluster\"\n  cluster:\n    certificate-authority-data: LS0tLS1CRUdJTiBDRVJUSUZJQ0FURS0tLS0tCk1JSUM1ekNDQWMrZ0F3SUJBZ0lCQURBTkJna3Foa2lHOXcwQkFRc0ZBREFWTVJNd0VRWURWUVFERXdwcmRXSmwKY201bGRHVnpNQjRYRFRJMU1EVXhNREE1TURZd05sb1hEVE0xTURVeE1EQTVNRFl3Tmxvd0ZURVRNQkVHQTFVRQpBeE1LYTNWaVpYSnVaWFJsY3pDQ0FTSXdEUVlKS29aSWh2Y05BUUVCQlFBRGdnRVBBRENDQVFvQ2dnRUJBTnM0CnhxcjhFSmJ2OElvaHJGUVFucjhXYnJkVWtKRDdMcDVvcUY5NWhFVmVTTWZsRkJwUDU2dE0xdnNaMHJyWU9oZ3QKSVZBOFdXa0t3bHg0a0JpR3ZWeit3SEV4d2EvREpibWd5VkkwQmZvMGJIVWhHQ2hGTTlYOGU5djZqTnJmMzRvRAp1T21YS29oRzA5ODRJZUdlc3A5ZUR0RDJJcnl0SWpjSkVjdnVpTTZpRnB4MG8xZmVFdzJjaVl1dG9FZmNhSUJRClBPVTZVdmhNd21PU0FzZVBRcUJXdWV4ZlpNUkJtOCt3OWdCUzk5azdSQU9CQ2JPZ0NESzlDUlkzbDJPbTdQQVEKcVhpUDBvd0lSTGVxbnVSd3I0U3hHcXZ6aHBhaWx1VmNrTE5LNDhrTG40ZitlTXdkdE85enY3T2xTRyswK2RwMAp4V2V5aHdKWVc4NEZ1blZwMFlzQ0F3RUFBYU5DTUVBd0RnWURWUjBQQVFIL0JBUURBZ0trTUE4R0ExVWRFd0VCCi93UUZNQU1CQWY4d0hRWURWUjBPQkJZRUZIOUw0R2l0eXFRR0dpckI2ajlFZW9iWXhscUJNQTBHQ1NxR1NJYjMKRFFFQkN3VUFBNElCQVFDalFab2JyOW5DN0pPaXE0RTRSeWZMK2dPbEZzVms3TWRjZjRIM2E2dFEvaU1oNjI1eApQVkFlZzRpZmJzSGJ2dEFPNkZZVFVUUHNoR0FPTnRUTSsxQmtmR3JXSzRuRGl4Rm5qSUlrZzB2SFVMWXNuOGFGCk5za1E1aSs0OWwxTVdlQkQzbktxQnFkR0VGRGFZQ1M2N0JFMVBiV01mbGdianFzTDBQdWZVUmc1c2N4TXRyUncKWWtlZi9nK3hyT0RsT3lPWFVVZXpwM3BLemZBdTJZOTJMSnNLekkwTU1NSFlqZGsrbTZlMWhFMkU0TFhnTmw5Rgp5eEpUa2pvL2RoZzhJdDlCWE11VXFkNE9YUXRZVjRXQlh6RXcrUTIyTnYxaDllcGVCaDg0d0FGd2dsKzhWRFhkCmh0enozL2hncVJWSXJEWVBRWldiYjdRV1ByTkViM3ovYnczcgotLS0tLUVORCBDRVJUSUZJQ0FURS0tLS0tCg==\n    server: https://2323b9ee-a93f-41c1-aec7-82ca1aae7bbc.api.k8s.fr-par.scw.cloud:6443\ncontexts:\n- name: admin@vibe-cluster\n  context:\n    cluster: \"vibe-cluster\"\n    user: vibe-cluster-admin\ncurrent-context: admin@vibe-cluster\nkind: Config\npreferences: {}\nusers:\n- name: vibe-cluster-admin\n  user:\n    token: DtkCMPQNt0S9CUIINsmGhH5brk7huHgCWoK3eWfe75F56f3Grt0yrAZ9",
                "host": "https://2323b9ee-a93f-41c1-aec7-82ca1aae7bbc.api.k8s.fr-par.scw.cloud:6443",
                "token": "DtkCMPQNt0S9CUIINsmGhH5brk7huHgCWoK3eWfe75F56f3Grt0yrAZ9"
              }
            ],
            "name": "vibe-cluster",
            "open_id_connect_config": [
              {
                "client_id": "",
                "groups_claim": [],
                "groups_prefix": "",
                "issuer_url": "",
                "required_claim": [],
                "username_claim": "",
                "username_prefix": ""
              }
            ],
            "organization_id": "94ae90b4-fe95-476e-a7b6-8c9ba22c3104",
            "private_network_id": "8b2eb851-8cc0-477a-a02a-793f6efd6f96",
            "project_id": "94ae90b4-fe95-476e-a7b6-8c9ba22c3104",
            "region": "fr-par",
            "status": "ready",
            "tags": [],
            "timeouts": null,
            "type": "kapsule",
            "updated_at": "2025-05-11T09:07:22Z",
            "upgrade_available": true,
            "version": "1.31.2",
            "wildcard_dns": "*.2323b9ee-a93f-41c1-aec7-82ca1aae7bbc.nodes.k8s.fr-par.scw.cloud"
          },
          "sensitive_attributes": [
            [
              {
                "type": "get_attr",
                "value": "kubeconfig"
              }
            ]
          ],
          "private": "eyJlMmJmYjczMC1lY2FhLTExZTYtOGY4OC0zNDM2M2JjN2M0YzAiOnsiY3JlYXRlIjo5MDAwMDAwMDAwMDAsImRlZmF1bHQiOjkwMDAwMDAwMDAwMCwiZGVsZXRlIjo5MDAwMDAwMDAwMDAsInJlYWQiOjkwMDAwMDAwMDAwMCwidXBkYXRlIjo5MDAwMDAwMDAwMDB9fQ==",
          "dependencies": [
            "scaleway_vpc_private_network.vibe-pn"
          ]
        }
      ]
    },
    {
      "mode": "managed",
      "type": "scaleway_k8s_pool",
      "name": "vibe-pool",
      "provider": "provider[\"registry.terraform.io/scaleway/scaleway\"]",
      "instances": [
        {
          "schema_version": 0,
          "attributes": {
            "autohealing": true,
            "autoscaling": true,
            "cluster_id": "fr-par/2323b9ee-a93f-41c1-aec7-82ca1aae7bbc",
            "container_runtime": "containerd",
            "created_at": "2025-05-11T09:06:09Z",
            "current_size": 1,
            "id": "fr-par/c1eb4540-6d8d-46e5-a687-b3246ad4a731",
            "kubelet_args": {},
            "max_size": 1,
            "min_size": 0,
            "name": "vibe-pool",
            "node_type": "dev1_m",
            "nodes": [
              {
                "name": "scw-vibe-cluster-vibe-pool-027a80489f2945459e0",
                "public_ip": "51.15.232.134",
                "public_ip_v6": "",
                "status": "ready"
              }
            ],
            "placement_group_id": null,
            "public_ip_disabled": false,
            "region": "fr-par",
            "root_volume_size_in_gb": 40,
            "root_volume_type": "l_ssd",
            "size": 1,
            "status": "ready",
            "tags": [],
            "timeouts": null,
            "updated_at": "2025-05-11T09:12:04Z",
            "upgrade_policy": [
              {
                "max_surge": 0,
                "max_unavailable": 1
              }
            ],
            "version": "1.31.2",
            "wait_for_pool_ready": true,
            "zone": "fr-par-1"
          },
          "sensitive_attributes": [],
          "private": "eyJlMmJmYjczMC1lY2FhLTExZTYtOGY4OC0zNDM2M2JjN2M0YzAiOnsiY3JlYXRlIjoxODAwMDAwMDAwMDAwLCJkZWZhdWx0IjoxODAwMDAwMDAwMDAwLCJkZWxldGUiOjE4MDAwMDAwMDAwMDAsInJlYWQiOjE4MDAwMDAwMDAwMDAsInVwZGF0ZSI6MTgwMDAwMDAwMDAwMH19",
          "dependencies": [
            "scaleway_k8s_cluster.vibe-cluster",
            "scaleway_vpc_private_network.vibe-pn"
          ]
        }
      ]
    },
    {
      "mode": "managed",
      "type": "scaleway_vpc_private_network",
      "name": "vibe-pn",
      "provider": "provider[\"registry.terraform.io/scaleway/scaleway\"]",
      "instances": [
        {
          "schema_version": 1,
          "attributes": {
            "created_at": "2025-05-11T09:01:20Z",
            "id": "fr-par/8b2eb851-8cc0-477a-a02a-793f6efd6f96",
            "ipv4_subnet": [
              {
                "address": "172.16.12.0",
                "created_at": "2025-05-11T09:01:20Z",
                "id": "344f8e91-949d-4af5-a14b-5717d3b0aba3",
                "prefix_length": 22,
                "subnet": "172.16.12.0/22",
                "subnet_mask": "255.255.252.0",
                "updated_at": "2025-05-11T09:01:20Z"
              }
            ],
            "ipv6_subnets": [
              {
                "address": "fde4:f456:ff2f:b767::",
                "created_at": "2025-05-11T09:01:20Z",
                "id": "cee7c7ad-dd7a-4494-9e78-14188a27e27c",
                "prefix_length": 64,
                "subnet": "fde4:f456:ff2f:b767::/64",
                "subnet_mask": "255.255.255.255.255.255.255.255.0.0.0.0.0.0.0.0",
                "updated_at": "2025-05-11T09:01:20Z"
              }
            ],
            "is_regional": true,
            "name": "vibe-private-network",
            "organization_id": "94ae90b4-fe95-476e-a7b6-8c9ba22c3104",
            "project_id": "94ae90b4-fe95-476e-a7b6-8c9ba22c3104",
            "region": "fr-par",
            "tags": [],
            "updated_at": "2025-05-11T09:01:20Z",
            "vpc_id": "fr-par/91b40470-b395-4acc-b850-18e804b9170c",
            "zone": "fr-par-1"
          },
          "sensitive_attributes": [],
          "private": "eyJzY2hlbWFfdmVyc2lvbiI6IjEifQ=="
        }
      ]
    }
  ],
  "check_results": null
}
