{
  "version": 4,
  "terraform_version": "1.11.4",
  "serial": 4,
  "lineage": "dfbf55dd-cb12-3679-3d82-f0824598a75c",
  "outputs": {},
  "resources": [
    {
      "mode": "managed",
      "type": "scaleway_k8s_cluster",
      "name": "vibe-cluster",
      "provider": "provider[\"registry.terraform.io/scaleway/scaleway\"]",
      "instances": [
        {
          "schema_version": 0,
          "attributes": {
            "admission_plugins": null,
            "apiserver_cert_sans": null,
            "apiserver_url": "https://2323b9ee-a93f-41c1-aec7-82ca1aae7bbc.api.k8s.fr-par.scw.cloud:6443",
            "auto_upgrade": [
              {
                "enable": false,
                "maintenance_window_day": "any",
                "maintenance_window_start_hour": 0
              }
            ],
            "autoscaler_config": [
              {
                "balance_similar_node_groups": false,
                "disable_scale_down": false,
                "estimator": "binpacking",
                "expander": "random",
                "expendable_pods_priority_cutoff": 0,
                "ignore_daemonsets_utilization": false,
                "max_graceful_termination_sec": 0,
                "scale_down_delay_after_add": "10m",
                "scale_down_unneeded_time": "10m",
                "scale_down_utilization_threshold": 0.5
              }
            ],
            "cni": "cilium",
            "created_at": "2025-05-11T09:06:04Z",
            "delete_additional_resources": false,
            "description": "",
            "feature_gates": null,
            "id": "fr-par/2323b9ee-a93f-41c1-aec7-82ca1aae7bbc",
            "kubeconfig": [
              {
                "cluster_ca_certificate": "LS0tLS1CRUdJTiBDRVJUSUZJQ0FURS0tLS0tCk1JSUM1ekNDQWMrZ0F3SUJBZ0lCQURBTkJna3Foa2lHOXcwQkFRc0ZBREFWTVJNd0VRWURWUVFERXdwcmRXSmwKY201bGRHVnpNQjRYRFRJMU1EVXhNREE1TURZd05sb1hEVE0xTURVeE1EQTVNRFl3Tmxvd0ZURVRNQkVHQTFVRQpBeE1LYTNWaVpYSnVaWFJsY3pDQ0FTSXdEUVlKS29aSWh2Y05BUUVCQlFBRGdnRVBBRENDQVFvQ2dnRUJBTnM0CnhxcjhFSmJ2OElvaHJGUVFucjhXYnJkVWtKRDdMcDVvcUY5NWhFVmVTTWZsRkJwUDU2dE0xdnNaMHJyWU9oZ3QKSVZBOFdXa0t3bHg0a0JpR3ZWeit3SEV4d2EvREpibWd5VkkwQmZvMGJIVWhHQ2hGTTlYOGU5djZqTnJmMzRvRAp1T21YS29oRzA5ODRJZUdlc3A5ZUR0RDJJcnl0SWpjSkVjdnVpTTZpRnB4MG8xZmVFdzJjaVl1dG9FZmNhSUJRClBPVTZVdmhNd21PU0FzZVBRcUJXdWV4ZlpNUkJtOCt3OWdCUzk5azdSQU9CQ2JPZ0NESzlDUlkzbDJPbTdQQVEKcVhpUDBvd0lSTGVxbnVSd3I0U3hHcXZ6aHBhaWx1VmNrTE5LNDhrTG40ZitlTXdkdE85enY3T2xTRyswK2RwMAp4V2V5aHdKWVc4NEZ1blZwMFlzQ0F3RUFBYU5DTUVBd0RnWURWUjBQQVFIL0JBUURBZ0trTUE4R0ExVWRFd0VCCi93UUZNQU1CQWY4d0hRWURWUjBPQkJZRUZIOUw0R2l0eXFRR0dpckI2ajlFZW9iWXhscUJNQTBHQ1NxR1NJYjMKRFFFQkN3VUFBNElCQVFDalFab2JyOW5DN0pPaXE0RTRSeWZMK2dPbEZzVms3TWRjZjRIM2E2dFEvaU1oNjI1eApQVkFlZzRpZmJzSGJ2dEFPNkZZVFVUUHNoR0FPTnRUTSsxQmtmR3JXSzRuRGl4Rm5qSUlrZzB2SFVMWXNuOGFGCk5za1E1aSs0OWwxTVdlQkQzbktxQnFkR0VGRGFZQ1M2N0JFMVBiV01mbGdianFzTDBQdWZVUmc1c2N4TXRyUncKWWtlZi9nK3hyT0RsT3lPWFVVZXpwM3BLemZBdTJZOTJMSnNLekkwTU1NSFlqZGsrbTZlMWhFMkU0TFhnTmw5Rgp5eEpUa2pvL2RoZzhJdDlCWE11VXFkNE9YUXRZVjRXQlh6RXcrUTIyTnYxaDllcGVCaDg0d0FGd2dsKzhWRFhkCmh0enozL2hncVJWSXJEWVBRWldiYjdRV1ByTkViM3ovYnczcgotLS0tLUVORCBDRVJUSUZJQ0FURS0tLS0tCg==",
                "config_file": "apiVersion: v1\nclusters:\n- name: \"vibe-cluster\"\n  cluster:\n    certificate-authority-data: LS0tLS1CRUdJTiBDRVJUSUZJQ0FURS0tLS0tCk1JSUM1ekNDQWMrZ0F3SUJBZ0lCQURBTkJna3Foa2lHOXcwQkFRc0ZBREFWTVJNd0VRWURWUVFERXdwcmRXSmwKY201bGRHVnpNQjRYRFRJMU1EVXhNREE1TURZd05sb1hEVE0xTURVeE1EQTVNRFl3Tmxvd0ZURVRNQkVHQTFVRQpBeE1LYTNWaVpYSnVaWFJsY3pDQ0FTSXdEUVlKS29aSWh2Y05BUUVCQlFBRGdnRVBBRENDQVFvQ2dnRUJBTnM0CnhxcjhFSmJ2OElvaHJGUVFucjhXYnJkVWtKRDdMcDVvcUY5NWhFVmVTTWZsRkJwUDU2dE0xdnNaMHJyWU9oZ3QKSVZBOFdXa0t3bHg0a0JpR3ZWeit3SEV4d2EvREpibWd5VkkwQmZvMGJIVWhHQ2hGTTlYOGU5djZqTnJmMzRvRAp1T21YS29oRzA5ODRJZUdlc3A5ZUR0RDJJcnl0SWpjSkVjdnVpTTZpRnB4MG8xZmVFdzJjaVl1dG9FZmNhSUJRClBPVTZVdmhNd21PU0FzZVBRcUJXdWV4ZlpNUkJtOCt3OWdCUzk5azdSQU9CQ2JPZ0NESzlDUlkzbDJPbTdQQVEKcVhpUDBvd0lSTGVxbnVSd3I0U3hHcXZ6aHBhaWx1VmNrTE5LNDhrTG40ZitlTXdkdE85enY3T2xTRyswK2RwMAp4V2V5aHdKWVc4NEZ1blZwMFlzQ0F3RUFBYU5DTUVBd0RnWURWUjBQQVFIL0JBUURBZ0trTUE4R0ExVWRFd0VCCi93UUZNQU1CQWY4d0hRWURWUjBPQkJZRUZIOUw0R2l0eXFRR0dpckI2ajlFZW9iWXhscUJNQTBHQ1NxR1NJYjMKRFFFQkN3VUFBNElCQVFDalFab2JyOW5DN0pPaXE0RTRSeWZMK2dPbEZzVms3TWRjZjRIM2E2dFEvaU1oNjI1eApQVkFlZzRpZmJzSGJ2dEFPNkZZVFVUUHNoR0FPTnRUTSsxQmtmR3JXSzRuRGl4Rm5qSUlrZzB2SFVMWXNuOGFGCk5za1E1aSs0OWwxTVdlQkQzbktxQnFkR0VGRGFZQ1M2N0JFMVBiV01mbGdianFzTDBQdWZVUmc1c2N4TXRyUncKWWtlZi9nK3hyT0RsT3lPWFVVZXpwM3BLemZBdTJZOTJMSnNLekkwTU1NSFlqZGsrbTZlMWhFMkU0TFhnTmw5Rgp5eEpUa2pvL2RoZzhJdDlCWE11VXFkNE9YUXRZVjRXQlh6RXcrUTIyTnYxaDllcGVCaDg0d0FGd2dsKzhWRFhkCmh0enozL2hncVJWSXJEWVBRWldiYjdRV1ByTkViM3ovYnczcgotLS0tLUVORCBDRVJUSUZJQ0FURS0tLS0tCg==\n    server: https://2323b9ee-a93f-41c1-aec7-82ca1aae7bbc.api.k8s.fr-par.scw.cloud:6443\ncontexts:\n- name: admin@vibe-cluster\n  context:\n    cluster: \"vibe-cluster\"\n    user: vibe-cluster-admin\ncurrent-context: admin@vibe-cluster\nkind: Config\npreferences: {}\nusers:\n- name: vibe-cluster-admin\n  user:\n    token: DtkCMPQNt0S9CUIINsmGhH5brk7huHgCWoK3eWfe75F56f3Grt0yrAZ9",
                "host": "https://2323b9ee-a93f-41c1-aec7-82ca1aae7bbc.api.k8s.fr-par.scw.cloud:6443",
                "token": "DtkCMPQNt0S9CUIINsmGhH5brk7huHgCWoK3eWfe75F56f3Grt0yrAZ9"
              }
            ],
            "name": "vibe-cluster",
            "open_id_connect_config": [
              {
                "client_id": "",
                "groups_claim": [],
                "groups_prefix": "",
                "issuer_url": "",
                "required_claim": [],
                "username_claim": "",
                "username_prefix": ""
              }
            ],
            "organization_id": "94ae90b4-fe95-476e-a7b6-8c9ba22c3104",
            "private_network_id": "8b2eb851-8cc0-477a-a02a-793f6efd6f96",
            "project_id": "94ae90b4-fe95-476e-a7b6-8c9ba22c3104",
            "region": "fr-par",
            "status": "pool_required",
            "tags": null,
            "timeouts": null,
            "type": "kapsule",
            "updated_at": "2025-05-11T09:06:06Z",
            "upgrade_available": true,
            "version": "1.31.2",
            "wildcard_dns": "*.2323b9ee-a93f-41c1-aec7-82ca1aae7bbc.nodes.k8s.fr-par.scw.cloud"
          },
          "sensitive_attributes": [
            [
              {
                "type": "get_attr",
                "value": "kubeconfig"
              }
            ]
          ],
          "private": "eyJlMmJmYjczMC1lY2FhLTExZTYtOGY4OC0zNDM2M2JjN2M0YzAiOnsiY3JlYXRlIjo5MDAwMDAwMDAwMDAsImRlZmF1bHQiOjkwMDAwMDAwMDAwMCwiZGVsZXRlIjo5MDAwMDAwMDAwMDAsInJlYWQiOjkwMDAwMDAwMDAwMCwidXBkYXRlIjo5MDAwMDAwMDAwMDB9fQ==",
          "dependencies": [
            "scaleway_vpc_private_network.vibe-pn"
          ]
        }
      ]
    },
    {
      "mode": "managed",
      "type": "scaleway_k8s_pool",
      "name": "vibe-pool",
      "provider": "provider[\"registry.terraform.io/scaleway/scaleway\"]",
      "instances": [
        {
          "schema_version": 0,
          "attributes": {
            "autohealing": true,
            "autoscaling": true,
            "cluster_id": "fr-par/2323b9ee-a93f-41c1-aec7-82ca1aae7bbc",
            "container_runtime": "containerd",
            "created_at": "2025-05-11T09:06:09Z",
            "current_size": 1,
            "id": "fr-par/c1eb4540-6d8d-46e5-a687-b3246ad4a731",
            "kubelet_args": null,
            "max_size": 1,
            "min_size": 0,
            "name": "vibe-pool",
            "node_type": "dev1_m",
            "nodes": [
              {
                "name": "scw-vibe-cluster-vibe-pool-027a80489f2945459e0",
                "public_ip": "51.15.232.134",
                "public_ip_v6": "",
                "status": "ready"
              }
            ],
            "placement_group_id": null,
            "public_ip_disabled": false,
            "region": "fr-par",
            "root_volume_size_in_gb": 40,
            "root_volume_type": "l_ssd",
            "size": 1,
            "status": "ready",
            "tags": null,
            "timeouts": null,
            "updated_at": "2025-05-11T09:12:04Z",
            "upgrade_policy": [
              {
                "max_surge": 0,
                "max_unavailable": 1
              }
            ],
            "version": "1.31.2",
            "wait_for_pool_ready": true,
            "zone": "fr-par-1"
          },
          "sensitive_attributes": [],
          "private": "eyJlMmJmYjczMC1lY2FhLTExZTYtOGY4OC0zNDM2M2JjN2M0YzAiOnsiY3JlYXRlIjoxODAwMDAwMDAwMDAwLCJkZWZhdWx0IjoxODAwMDAwMDAwMDAwLCJkZWxldGUiOjE4MDAwMDAwMDAwMDAsInJlYWQiOjE4MDAwMDAwMDAwMDAsInVwZGF0ZSI6MTgwMDAwMDAwMDAwMH19",
          "dependencies": [
            "scaleway_k8s_cluster.vibe-cluster",
            "scaleway_vpc_private_network.vibe-pn"
          ]
        }
      ]
    },
    {
      "mode": "managed",
      "type": "scaleway_vpc_private_network",
      "name": "vibe-pn",
      "provider": "provider[\"registry.terraform.io/scaleway/scaleway\"]",
      "instances": [
        {
          "schema_version": 1,
          "attributes": {
            "created_at": "2025-05-11T09:01:20Z",
            "id": "fr-par/8b2eb851-8cc0-477a-a02a-793f6efd6f96",
            "ipv4_subnet": [
              {
                "address": "172.16.12.0",
                "created_at": "2025-05-11T09:01:20Z",
                "id": "344f8e91-949d-4af5-a14b-5717d3b0aba3",
                "prefix_length": 22,
                "subnet": "172.16.12.0/22",
                "subnet_mask": "255.255.252.0",
                "updated_at": "2025-05-11T09:01:20Z"
              }
            ],
            "ipv6_subnets": [
              {
                "address": "fde4:f456:ff2f:b767::",
                "created_at": "2025-05-11T09:01:20Z",
                "id": "cee7c7ad-dd7a-4494-9e78-14188a27e27c",
                "prefix_length": 64,
                "subnet": "fde4:f456:ff2f:b767::/64",
                "subnet_mask": "255.255.255.255.255.255.255.255.0.0.0.0.0.0.0.0",
                "updated_at": "2025-05-11T09:01:20Z"
              }
            ],
            "is_regional": true,
            "name": "vibe-private-network",
            "organization_id": "94ae90b4-fe95-476e-a7b6-8c9ba22c3104",
            "project_id": "94ae90b4-fe95-476e-a7b6-8c9ba22c3104",
            "region": "fr-par",
            "tags": [],
            "updated_at": "2025-05-11T09:01:20Z",
            "vpc_id": "fr-par/91b40470-b395-4acc-b850-18e804b9170c",
            "zone": "fr-par-1"
          },
          "sensitive_attributes": [],
          "private": "eyJzY2hlbWFfdmVyc2lvbiI6IjEifQ=="
        }
      ]
    }
  ],
  "check_results": null
}
